
Microsoft Visual Studio Solution File, Format Version 12.00
# Visual Studio 15
VisualStudioVersion = 15.0.27130.2027
MinimumVisualStudioVersion = 10.0.40219.1
Project("{FAE04EC0-301F-11D3-BF4B-00C04F79EFBC}") = "UWFTool", "UWFTool\UWFTool.csproj", "{9DA9BF11-7450-42A1-B46D-14796CD64632}"
EndProject
Project("{FAE04EC0-301F-11D3-BF4B-00C04F79EFBC}") = "UWFController", "UWFController\UWFController.csproj", "{ECED7A4E-386C-4C05-9200-23C886B99945}"
EndProject
Project("{FAE04EC0-301F-11D3-BF4B-00C04F79EFBC}") = "Installer", "Installer\Installer.csproj", "{587574EE-29CF-4E49-A0C7-27F521460CD2}"
EndProject
Global
	GlobalSection(SolutionConfigurationPlatforms) = preSolution
		Debug|Any CPU = Debug|Any CPU
		Release|Any CPU = Release|Any CPU
	EndGlobalSection
	GlobalSection(ProjectConfigurationPlatforms) = postSolution
		{9DA9BF11-7450-42A1-B46D-14796CD64632}.Debug|Any CPU.ActiveCfg = Debug|Any CPU
		{9DA9BF11-7450-42A1-B46D-14796CD64632}.Debug|Any CPU.Build.0 = Debug|Any CPU
		{9DA9BF11-7450-42A1-B46D-14796CD64632}.Release|Any CPU.ActiveCfg = Release|Any CPU
		{9DA9BF11-7450-42A1-B46D-14796CD64632}.Release|Any CPU.Build.0 = Release|Any CPU
		{ECED7A4E-386C-4C05-9200-23C886B99945}.Debug|Any CPU.ActiveCfg = Debug|Any CPU
		{ECED7A4E-386C-4C05-9200-23C886B99945}.Debug|Any CPU.Build.0 = Debug|Any CPU
		{ECED7A4E-386C-4C05-9200-23C886B99945}.Release|Any CPU.ActiveCfg = Release|Any CPU
		{ECED7A4E-386C-4C05-9200-23C886B99945}.Release|Any CPU.Build.0 = Release|Any CPU
		{587574EE-29CF-4E49-A0C7-27F521460CD2}.Debug|Any CPU.ActiveCfg = Debug|Any CPU
		{587574EE-29CF-4E49-A0C7-27F521460CD2}.Debug|Any CPU.Build.0 = Debug|Any CPU
		{587574EE-29CF-4E49-A0C7-27F521460CD2}.Release|Any CPU.ActiveCfg = Release|Any CPU
		{587574EE-29CF-4E49-A0C7-27F521460CD2}.Release|Any CPU.Build.0 = Release|Any CPU
	EndGlobalSection
	GlobalSection(SolutionProperties) = preSolution
		HideSolutionNode = FALSE
	EndGlobalSection
	GlobalSection(ExtensibilityGlobals) = postSolution
		SolutionGuid = {CF9716C7-4CDF-4466-B513-A68F0CC70188}
	EndGlobalSection
EndGlobal
